Microsoft Visual Studio Solution File, Format Version 12.00
# Visual Studio 2012
Project("{2150E333-8FDC-42A3-9474-1A3956D46DE8}") = "Samples", "Samples", "{A859FE94-FCC9-46D8-B081-81C450B348A2}"
EndProject
Project("{2150E333-8FDC-42A3-9474-1A3956D46DE8}") = "MefShapes", "MefShapes", "{5CD8D010-B679-4C5C-9BD9-5EF4C728BB17}"
EndProject
Project("{2150E333-8FDC-42A3-9474-1A3956D46DE8}") = "Meflook", "Meflook", "{6A0725D1-3C1F-4968-8A1E-9845B8C256F8}"
EndProject
Project("{2150E333-8FDC-42A3-9474-1A3956D46DE8}") = "XFileExplorer", "XFileExplorer", "{7C4FFF34-3392-4A13-A6F7-7CD85C6C6D21}"
EndProject
Project("{2150E333-8FDC-42A3-9474-1A3956D46DE8}") = "CompositionDiagnostics", "CompositionDiagnostics", "{F16DBC7D-0F89-486C-A1BC-373DEB940746}"
EndProject
Project("{2150E333-8FDC-42A3-9474-1A3956D46DE8}") = "MefStudio", "MefStudio", "{AFE5A982-2D58-48E7-B117-39FB644E16FF}"
EndProject
Project("{2150E333-8FDC-42A3-9474-1A3956D46DE8}") = "Caching", "Caching", "{A90B912C-2073-403B-AAD1-90DB8B7A4621}"
EndProject
Project("{2150E333-8FDC-42A3-9474-1A3956D46DE8}") = "DynamicInstantiation", "DynamicInstantiation", "{911C1A62-755A-489D-B5CF-125418D69414}"
EndProject
Project("{FAE04EC0-301F-11D3-BF4B-00C04F79EFBC}") = "MefShapes", "Samples\MefShapes\MefShapes\MefShapes.csproj", "{FC556AFF-9BA6-4A1A-94C9-513F168622B8}"
EndProject
Project("{FAE04EC0-301F-11D3-BF4B-00C04F79EFBC}") = "ComponentModel", "src\ComponentModel\ComponentModel.csproj", "{1BBA5101-D4F0-48B8-A5D6-7B23A099DCE3}"
EndProject
Project("{FAE04EC0-301F-11D3-BF4B-00C04F79EFBC}") = "XFileExplorerFavorites", "Samples\XFileExplorer\XFileExplorerFavorites\XFileExplorerFavorites.csproj", "{3E80684B-9F51-4C04-BBC1-1918EA811F2C}"
EndProject
Project("{FAE04EC0-301F-11D3-BF4B-00C04F79EFBC}") = "XFileExplorerComponents", "Samples\XFileExplorer\XFileExplorerComponents\XFileExplorerComponents.csproj", "{FAB56861-3662-4B4E-BC35-A3E96970CC24}"
EndProject
Project("{FAE04EC0-301F-11D3-BF4B-00C04F79EFBC}") = "XFileExplorer", "Samples\XFileExplorer\XFileExplorer\XFileExplorer.csproj", "{216C45D5-DA63-41F2-BE12-26CBD90F5635}"
EndProject
Project("{FAE04EC0-301F-11D3-BF4B-00C04F79EFBC}") = "MefShapes.Shapes", "Samples\MefShapes\MefShapes.Shapes\MefShapes.Shapes.csproj", "{8DE4EE4D-2BF1-495B-AA35-8D393F87EBF8}"
EndProject
Project("{FAE04EC0-301F-11D3-BF4B-00C04F79EFBC}") = "MefShapes.AdditionalShapes", "Samples\MefShapes\MefShapes.AdditionalShapes\MefShapes.AdditionalShapes.csproj", "{8A6BD641-A8E6-4958-A31C-8631EB208354}"
EndProject
Project("{FAE04EC0-301F-11D3-BF4B-00C04F79EFBC}") = "Meflook", "Samples\Meflook\Meflook\Meflook.csproj", "{773A33A1-5CDF-48E4-9D7F-0DB3DBF3DBC3}"
EndProject
Project("{FAE04EC0-301F-11D3-BF4B-00C04F79EFBC}") = "EmailService", "Samples\Meflook\EmailService\EmailService.csproj", "{EB960ED5-8757-4968-A005-CE5555EB5C82}"
EndProject
Project("{FAE04EC0-301F-11D3-BF4B-00C04F79EFBC}") = "UnitTestFramework", "Tests\UnitTestFramework\UnitTestFramework.csproj", "{35FBE8A0-D87E-4991-B3FC-2A77807DEC85}"
EndProject
Project("{FAE04EC0-301F-11D3-BF4B-00C04F79EFBC}") = "ComponentModelUnitTest", "Tests\ComponentModelUnitTest\ComponentModelUnitTest.csproj", "{82EFB8F9-4130-4275-A26A-9F4C748C1FFB}"
EndProject
Project("{FAE04EC0-301F-11D3-BF4B-00C04F79EFBC}") = "DiagnosticsExample", "Samples\CompositionDiagnostics\DiagnositicsExample\DiagnosticsExample.csproj", "{58EF052A-2A9B-4400-A55A-4C1576D53D17}"
EndProject
Project("{FAE04EC0-301F-11D3-BF4B-00C04F79EFBC}") = "mefx", "Samples\CompositionDiagnostics\mefx\mefx.csproj", "{CCE2BB2C-DF5D-4509-8327-3B81EDD4F259}"
EndProject
Project("{FAE04EC0-301F-11D3-BF4B-00C04F79EFBC}") = "Microsoft.ComponentModel.Composition.Diagnostics", "Samples\CompositionDiagnostics\Microsoft.ComponentModel.Composition.Diagnostics\Microsoft.ComponentModel.Composition.Diagnostics.csproj", "{0A44C587-989D-4785-9311-8BF8069BB775}"
EndProject
Project("{FAE04EC0-301F-11D3-BF4B-00C04F79EFBC}") = "Microsoft.ComponentModel.Composition.Diagnostics.Tests", "Samples\CompositionDiagnostics\Microsoft.ComponentModel.Composition.Diagnostics.Tests\Microsoft.ComponentModel.Composition.Diagnostics.Tests.csproj", "{3D2774F9-84F4-4261-BFEB-14D1F94C6E56}"
EndProject
Project("{FAE04EC0-301F-11D3-BF4B-00C04F79EFBC}") = "Contracts", "Samples\MEFStudio\Contracts\Contracts.csproj", "{51DD97E4-90F9-4A9F-8DB8-C8074CDCBBFF}"
EndProject
Project("{FAE04EC0-301F-11D3-BF4B-00C04F79EFBC}") = "Designers", "Samples\MEFStudio\Designers\Designers.csproj", "{1C4DF849-8BC3-45E8-9032-949933D91DC4}"
EndProject
Project("{FAE04EC0-301F-11D3-BF4B-00C04F79EFBC}") = "MoreCommands", "Samples\MEFStudio\MoreCommands\MoreCommands.csproj", "{850927D5-3249-49E5-98C7-281AFA288910}"
EndProject
Project("{FAE04EC0-301F-11D3-BF4B-00C04F79EFBC}") = "MoreDesigners", "Samples\MEFStudio\MoreDesigners\MoreDesigners.csproj", "{ECF69686-79D9-4324-801F-3FF109BDA3FF}"
EndProject
Project("{FAE04EC0-301F-11D3-BF4B-00C04F79EFBC}") = "Shell", "Samples\MEFStudio\Shell\Shell.csproj", "{3951FF95-830B-4846-8FD2-F164FA33693D}"
EndProject
Project("{FAE04EC0-301F-11D3-BF4B-00C04F79EFBC}") = "Toolbox", "Samples\MEFStudio\Toolbox\Toolbox.csproj", "{AB33C23B-3B11-4F63-9A4D-E6493FE591D9}"
EndProject
Project("{FAE04EC0-301F-11D3-BF4B-00C04F79EFBC}") = "MoreToolboxControls", "Samples\MEFStudio\ToolboxControls\MoreToolboxControls.csproj", "{60397628-D7F2-4E8F-B823-CA147238EFBD}"
EndProject
Project("{FAE04EC0-301F-11D3-BF4B-00C04F79EFBC}") = "ToolWindows", "Samples\MEFStudio\ToolWindows\ToolWindows.csproj", "{1BEE7343-5F8D-41B2-AC11-BD7DEBC4F73D}"
EndProject
Project("{FAE04EC0-301F-11D3-BF4B-00C04F79EFBC}") = "Caching", "Samples\Caching\Caching\Caching.csproj", "{D75F8CFC-3036-4F59-AD2C-6310D32C8B07}"
EndProject
Project("{FAE04EC0-301F-11D3-BF4B-00C04F79EFBC}") = "CachingSample", "Samples\Caching\CachingSample\CachingSample.csproj", "{AE2AD230-5E18-4D17-B073-C40F7976DDDB}"
EndProject
Project("{FAE04EC0-301F-11D3-BF4B-00C04F79EFBC}") = "CachingSampleContracts", "Samples\Caching\CachingSampleContracts\CachingSampleContracts.csproj", "{6805E502-56BC-4915-9528-41D498A93DCC}"
EndProject
Project("{FAE04EC0-301F-11D3-BF4B-00C04F79EFBC}") = "CachingSampleParts", "Samples\Caching\CachingSampleParts\CachingSampleParts.csproj", "{91694D00-0FF1-4A04-AC3F-F734D13AE70D}"
EndProject
Project("{FAE04EC0-301F-11D3-BF4B-00C04F79EFBC}") = "Microsoft.ComponentModel.Composition.DynamicInstantiation", "Samples\DynamicInstantiation\Microsoft.ComponentModel.Composition.DynamicInstantiation\Microsoft.ComponentModel.Composition.DynamicInstantiation.csproj", "{E649F28C-ADC0-40F9-BF1F-F8A971B100A6}"
EndProject
Project("{FAE04EC0-301F-11D3-BF4B-00C04F79EFBC}") = "TestApp", "Samples\DynamicInstantiation\TestApp\TestApp.csproj", "{527A1720-D9D4-469E-9277-3F47630D8356}"
EndProject
Project("{FAE04EC0-301F-11D3-BF4B-00C04F79EFBC}") = "Composition.Initialization", "src\Composition.Initialization\Composition.Initialization.csproj", "{A497DC28-0A3B-4BAD-B964-B8B436686D98}"
EndProject
Global
	GlobalSection(SolutionConfigurationPlatforms) = preSolution
		Debug|Any CPU = Debug|Any CPU
		Debug|Mixed Platforms = Debug|Mixed Platforms
		Debug|x86 = Debug|x86
		Release|Any CPU = Release|Any CPU
		Release|Mixed Platforms = Release|Mixed Platforms
		Release|x86 = Release|x86
	EndGlobalSection
	GlobalSection(ProjectConfigurationPlatforms) = postSolution
		{FC556AFF-9BA6-4A1A-94C9-513F168622B8}.Debug|Any CPU.ActiveCfg = Debug|x86
		{FC556AFF-9BA6-4A1A-94C9-513F168622B8}.Debug|Mixed Platforms.ActiveCfg = Debug|x86
		{FC556AFF-9BA6-4A1A-94C9-513F168622B8}.Debug|Mixed Platforms.Build.0 = Debug|x86
		{FC556AFF-9BA6-4A1A-94C9-513F168622B8}.Debug|x86.ActiveCfg = Debug|x86
		{FC556AFF-9BA6-4A1A-94C9-513F168622B8}.Debug|x86.Build.0 = Debug|x86
		{FC556AFF-9BA6-4A1A-94C9-513F168622B8}.Release|Any CPU.ActiveCfg = Debug|x86
		{FC556AFF-9BA6-4A1A-94C9-513F168622B8}.Release|Mixed Platforms.ActiveCfg = Debug|x86
		{FC556AFF-9BA6-4A1A-94C9-513F168622B8}.Release|Mixed Platforms.Build.0 = Debug|x86
		{FC556AFF-9BA6-4A1A-94C9-513F168622B8}.Release|x86.ActiveCfg = Debug|x86
		{FC556AFF-9BA6-4A1A-94C9-513F168622B8}.Release|x86.Build.0 = Debug|x86
		{1BBA5101-D4F0-48B8-A5D6-7B23A099DCE3}.Debug|Any CPU.ActiveCfg = Debug|Any CPU
		{1BBA5101-D4F0-48B8-A5D6-7B23A099DCE3}.Debug|Any CPU.Build.0 = Debug|Any CPU
		{1BBA5101-D4F0-48B8-A5D6-7B23A099DCE3}.Debug|Mixed Platforms.ActiveCfg = Debug|Any CPU
		{1BBA5101-D4F0-48B8-A5D6-7B23A099DCE3}.Debug|Mixed Platforms.Build.0 = Debug|Any CPU
		{1BBA5101-D4F0-48B8-A5D6-7B23A099DCE3}.Debug|x86.ActiveCfg = Debug|Any CPU
		{1BBA5101-D4F0-48B8-A5D6-7B23A099DCE3}.Release|Any CPU.ActiveCfg = Debug|Any CPU
		{1BBA5101-D4F0-48B8-A5D6-7B23A099DCE3}.Release|Any CPU.Build.0 = Debug|Any CPU
		{1BBA5101-D4F0-48B8-A5D6-7B23A099DCE3}.Release|Mixed Platforms.ActiveCfg = Debug|Any CPU
		{1BBA5101-D4F0-48B8-A5D6-7B23A099DCE3}.Release|Mixed Platforms.Build.0 = Debug|Any CPU
		{1BBA5101-D4F0-48B8-A5D6-7B23A099DCE3}.Release|x86.ActiveCfg = Debug|Any CPU
		{3E80684B-9F51-4C04-BBC1-1918EA811F2C}.Debug|Any CPU.ActiveCfg = Debug|Any CPU
		{3E80684B-9F51-4C04-BBC1-1918EA811F2C}.Debug|Any CPU.Build.0 = Debug|Any CPU
		{3E80684B-9F51-4C04-BBC1-1918EA811F2C}.Debug|Mixed Platforms.ActiveCfg = Debug|Any CPU
		{3E80684B-9F51-4C04-BBC1-1918EA811F2C}.Debug|Mixed Platforms.Build.0 = Debug|Any CPU
		{3E80684B-9F51-4C04-BBC1-1918EA811F2C}.Debug|x86.ActiveCfg = Debug|Any CPU
		{3E80684B-9F51-4C04-BBC1-1918EA811F2C}.Release|Any CPU.ActiveCfg = Debug|Any CPU
		{3E80684B-9F51-4C04-BBC1-1918EA811F2C}.Release|Any CPU.Build.0 = Debug|Any CPU
		{3E80684B-9F51-4C04-BBC1-1918EA811F2C}.Release|Mixed Platforms.ActiveCfg = Debug|Any CPU
		{3E80684B-9F51-4C04-BBC1-1918EA811F2C}.Release|Mixed Platforms.Build.0 = Debug|Any CPU
		{3E80684B-9F51-4C04-BBC1-1918EA811F2C}.Release|x86.ActiveCfg = Debug|Any CPU
		{FAB56861-3662-4B4E-BC35-A3E96970CC24}.Debug|Any CPU.ActiveCfg = Debug|Any CPU
		{FAB56861-3662-4B4E-BC35-A3E96970CC24}.Debug|Any CPU.Build.0 = Debug|Any CPU
		{FAB56861-3662-4B4E-BC35-A3E96970CC24}.Debug|Mixed Platforms.ActiveCfg = Debug|Any CPU
		{FAB56861-3662-4B4E-BC35-A3E96970CC24}.Debug|Mixed Platforms.Build.0 = Debug|Any CPU
		{FAB56861-3662-4B4E-BC35-A3E96970CC24}.Debug|x86.ActiveCfg = Debug|Any CPU
		{FAB56861-3662-4B4E-BC35-A3E96970CC24}.Release|Any CPU.ActiveCfg = Debug|Any CPU
		{FAB56861-3662-4B4E-BC35-A3E96970CC24}.Release|Any CPU.Build.0 = Debug|Any CPU
		{FAB56861-3662-4B4E-BC35-A3E96970CC24}.Release|Mixed Platforms.ActiveCfg = Debug|Any CPU
		{FAB56861-3662-4B4E-BC35-A3E96970CC24}.Release|Mixed Platforms.Build.0 = Debug|Any CPU
		{FAB56861-3662-4B4E-BC35-A3E96970CC24}.Release|x86.ActiveCfg = Debug|Any CPU
		{216C45D5-DA63-41F2-BE12-26CBD90F5635}.Debug|Any CPU.ActiveCfg = Debug|x86
		{216C45D5-DA63-41F2-BE12-26CBD90F5635}.Debug|Mixed Platforms.ActiveCfg = Debug|x86
		{216C45D5-DA63-41F2-BE12-26CBD90F5635}.Debug|Mixed Platforms.Build.0 = Debug|x86
		{216C45D5-DA63-41F2-BE12-26CBD90F5635}.Debug|x86.ActiveCfg = Debug|x86
		{216C45D5-DA63-41F2-BE12-26CBD90F5635}.Debug|x86.Build.0 = Debug|x86
		{216C45D5-DA63-41F2-BE12-26CBD90F5635}.Release|Any CPU.ActiveCfg = Debug|x86
		{216C45D5-DA63-41F2-BE12-26CBD90F5635}.Release|Mixed Platforms.ActiveCfg = Debug|x86
		{216C45D5-DA63-41F2-BE12-26CBD90F5635}.Release|Mixed Platforms.Build.0 = Debug|x86
		{216C45D5-DA63-41F2-BE12-26CBD90F5635}.Release|x86.ActiveCfg = Debug|x86
		{216C45D5-DA63-41F2-BE12-26CBD90F5635}.Release|x86.Build.0 = Debug|x86
		{8DE4EE4D-2BF1-495B-AA35-8D393F87EBF8}.Debug|Any CPU.ActiveCfg = Debug|Any CPU
		{8DE4EE4D-2BF1-495B-AA35-8D393F87EBF8}.Debug|Any CPU.Build.0 = Debug|Any CPU
		{8DE4EE4D-2BF1-495B-AA35-8D393F87EBF8}.Debug|Mixed Platforms.ActiveCfg = Debug|Any CPU
		{8DE4EE4D-2BF1-495B-AA35-8D393F87EBF8}.Debug|Mixed Platforms.Build.0 = Debug|Any CPU
		{8DE4EE4D-2BF1-495B-AA35-8D393F87EBF8}.Debug|x86.ActiveCfg = Debug|Any CPU
		{8DE4EE4D-2BF1-495B-AA35-8D393F87EBF8}.Release|Any CPU.ActiveCfg = Debug|Any CPU
		{8DE4EE4D-2BF1-495B-AA35-8D393F87EBF8}.Release|Any CPU.Build.0 = Debug|Any CPU
		{8DE4EE4D-2BF1-495B-AA35-8D393F87EBF8}.Release|Mixed Platforms.ActiveCfg = Debug|Any CPU
		{8DE4EE4D-2BF1-495B-AA35-8D393F87EBF8}.Release|Mixed Platforms.Build.0 = Debug|Any CPU
		{8DE4EE4D-2BF1-495B-AA35-8D393F87EBF8}.Release|x86.ActiveCfg = Debug|Any CPU
		{8A6BD641-A8E6-4958-A31C-8631EB208354}.Debug|Any CPU.ActiveCfg = Debug|Any CPU
		{8A6BD641-A8E6-4958-A31C-8631EB208354}.Debug|Any CPU.Build.0 = Debug|Any CPU
		{8A6BD641-A8E6-4958-A31C-8631EB208354}.Debug|Mixed Platforms.ActiveCfg = Debug|Any CPU
		{8A6BD641-A8E6-4958-A31C-8631EB208354}.Debug|Mixed Platforms.Build.0 = Debug|Any CPU
		{8A6BD641-A8E6-4958-A31C-8631EB208354}.Debug|x86.ActiveCfg = Debug|Any CPU
		{8A6BD641-A8E6-4958-A31C-8631EB208354}.Release|Any CPU.ActiveCfg = Debug|Any CPU
		{8A6BD641-A8E6-4958-A31C-8631EB208354}.Release|Any CPU.Build.0 = Debug|Any CPU
		{8A6BD641-A8E6-4958-A31C-8631EB208354}.Release|Mixed Platforms.ActiveCfg = Debug|Any CPU
		{8A6BD641-A8E6-4958-A31C-8631EB208354}.Release|Mixed Platforms.Build.0 = Debug|Any CPU
		{8A6BD641-A8E6-4958-A31C-8631EB208354}.Release|x86.ActiveCfg = Debug|Any CPU
		{773A33A1-5CDF-48E4-9D7F-0DB3DBF3DBC3}.Debug|Any CPU.ActiveCfg = Debug|x86
		{773A33A1-5CDF-48E4-9D7F-0DB3DBF3DBC3}.Debug|Mixed Platforms.ActiveCfg = Debug|x86
		{773A33A1-5CDF-48E4-9D7F-0DB3DBF3DBC3}.Debug|Mixed Platforms.Build.0 = Debug|x86
		{773A33A1-5CDF-48E4-9D7F-0DB3DBF3DBC3}.Debug|x86.ActiveCfg = Debug|x86
		{773A33A1-5CDF-48E4-9D7F-0DB3DBF3DBC3}.Debug|x86.Build.0 = Debug|x86
		{773A33A1-5CDF-48E4-9D7F-0DB3DBF3DBC3}.Release|Any CPU.ActiveCfg = Debug|x86
		{773A33A1-5CDF-48E4-9D7F-0DB3DBF3DBC3}.Release|Mixed Platforms.ActiveCfg = Debug|x86
		{773A33A1-5CDF-48E4-9D7F-0DB3DBF3DBC3}.Release|Mixed Platforms.Build.0 = Debug|x86
		{773A33A1-5CDF-48E4-9D7F-0DB3DBF3DBC3}.Release|x86.ActiveCfg = Debug|x86
		{773A33A1-5CDF-48E4-9D7F-0DB3DBF3DBC3}.Release|x86.Build.0 = Debug|x86
		{EB960ED5-8757-4968-A005-CE5555EB5C82}.Debug|Any CPU.ActiveCfg = Debug|Any CPU
		{EB960ED5-8757-4968-A005-CE5555EB5C82}.Debug|Any CPU.Build.0 = Debug|Any CPU
		{EB960ED5-8757-4968-A005-CE5555EB5C82}.Debug|Mixed Platforms.ActiveCfg = Debug|Any CPU
		{EB960ED5-8757-4968-A005-CE5555EB5C82}.Debug|Mixed Platforms.Build.0 = Debug|Any CPU
		{EB960ED5-8757-4968-A005-CE5555EB5C82}.Debug|x86.ActiveCfg = Debug|Any CPU
		{EB960ED5-8757-4968-A005-CE5555EB5C82}.Release|Any CPU.ActiveCfg = Debug|Any CPU
		{EB960ED5-8757-4968-A005-CE5555EB5C82}.Release|Any CPU.Build.0 = Debug|Any CPU
		{EB960ED5-8757-4968-A005-CE5555EB5C82}.Release|Mixed Platforms.ActiveCfg = Debug|Any CPU
		{EB960ED5-8757-4968-A005-CE5555EB5C82}.Release|Mixed Platforms.Build.0 = Debug|Any CPU
		{EB960ED5-8757-4968-A005-CE5555EB5C82}.Release|x86.ActiveCfg = Debug|Any CPU
		{35FBE8A0-D87E-4991-B3FC-2A77807DEC85}.Debug|Any CPU.ActiveCfg = Debug|Any CPU
		{35FBE8A0-D87E-4991-B3FC-2A77807DEC85}.Debug|Any CPU.Build.0 = Debug|Any CPU
		{35FBE8A0-D87E-4991-B3FC-2A77807DEC85}.Debug|Mixed Platforms.ActiveCfg = Debug|Any CPU
		{35FBE8A0-D87E-4991-B3FC-2A77807DEC85}.Debug|Mixed Platforms.Build.0 = Debug|Any CPU
		{35FBE8A0-D87E-4991-B3FC-2A77807DEC85}.Debug|x86.ActiveCfg = Debug|Any CPU
		{35FBE8A0-D87E-4991-B3FC-2A77807DEC85}.Release|Any CPU.ActiveCfg = Debug|Any CPU
		{35FBE8A0-D87E-4991-B3FC-2A77807DEC85}.Release|Any CPU.Build.0 = Debug|Any CPU
		{35FBE8A0-D87E-4991-B3FC-2A77807DEC85}.Release|Mixed Platforms.ActiveCfg = Debug|Any CPU
		{35FBE8A0-D87E-4991-B3FC-2A77807DEC85}.Release|Mixed Platforms.Build.0 = Debug|Any CPU
		{35FBE8A0-D87E-4991-B3FC-2A77807DEC85}.Release|x86.ActiveCfg = Debug|Any CPU
		{82EFB8F9-4130-4275-A26A-9F4C748C1FFB}.Debug|Any CPU.ActiveCfg = Debug|Any CPU
		{82EFB8F9-4130-4275-A26A-9F4C748C1FFB}.Debug|Any CPU.Build.0 = Debug|Any CPU
		{82EFB8F9-4130-4275-A26A-9F4C748C1FFB}.Debug|Mixed Platforms.ActiveCfg = Debug|Any CPU
		{82EFB8F9-4130-4275-A26A-9F4C748C1FFB}.Debug|Mixed Platforms.Build.0 = Debug|Any CPU
		{82EFB8F9-4130-4275-A26A-9F4C748C1FFB}.Debug|x86.ActiveCfg = Debug|Any CPU
		{82EFB8F9-4130-4275-A26A-9F4C748C1FFB}.Release|Any CPU.ActiveCfg = Debug|Any CPU
		{82EFB8F9-4130-4275-A26A-9F4C748C1FFB}.Release|Any CPU.Build.0 = Debug|Any CPU
		{82EFB8F9-4130-4275-A26A-9F4C748C1FFB}.Release|Mixed Platforms.ActiveCfg = Debug|Any CPU
		{82EFB8F9-4130-4275-A26A-9F4C748C1FFB}.Release|Mixed Platforms.Build.0 = Debug|Any CPU
		{82EFB8F9-4130-4275-A26A-9F4C748C1FFB}.Release|x86.ActiveCfg = Debug|Any CPU
		{58EF052A-2A9B-4400-A55A-4C1576D53D17}.Debug|Any CPU.ActiveCfg = Debug|x86
		{58EF052A-2A9B-4400-A55A-4C1576D53D17}.Debug|Mixed Platforms.ActiveCfg = Debug|x86
		{58EF052A-2A9B-4400-A55A-4C1576D53D17}.Debug|Mixed Platforms.Build.0 = Debug|x86
		{58EF052A-2A9B-4400-A55A-4C1576D53D17}.Debug|x86.ActiveCfg = Debug|x86
		{58EF052A-2A9B-4400-A55A-4C1576D53D17}.Debug|x86.Build.0 = Debug|x86
		{58EF052A-2A9B-4400-A55A-4C1576D53D17}.Release|Any CPU.ActiveCfg = Debug|x86
		{58EF052A-2A9B-4400-A55A-4C1576D53D17}.Release|Mixed Platforms.ActiveCfg = Debug|x86
		{58EF052A-2A9B-4400-A55A-4C1576D53D17}.Release|Mixed Platforms.Build.0 = Debug|x86
		{58EF052A-2A9B-4400-A55A-4C1576D53D17}.Release|x86.ActiveCfg = Debug|x86
		{58EF052A-2A9B-4400-A55A-4C1576D53D17}.Release|x86.Build.0 = Debug|x86
		{CCE2BB2C-DF5D-4509-8327-3B81EDD4F259}.Debug|Any CPU.ActiveCfg = Debug|x86
		{CCE2BB2C-DF5D-4509-8327-3B81EDD4F259}.Debug|Mixed Platforms.ActiveCfg = Debug|x86
		{CCE2BB2C-DF5D-4509-8327-3B81EDD4F259}.Debug|Mixed Platforms.Build.0 = Debug|x86
		{CCE2BB2C-DF5D-4509-8327-3B81EDD4F259}.Debug|x86.ActiveCfg = Debug|x86
		{CCE2BB2C-DF5D-4509-8327-3B81EDD4F259}.Debug|x86.Build.0 = Debug|x86
		{CCE2BB2C-DF5D-4509-8327-3B81EDD4F259}.Release|Any CPU.ActiveCfg = Debug|x86
		{CCE2BB2C-DF5D-4509-8327-3B81EDD4F259}.Release|Mixed Platforms.ActiveCfg = Debug|x86
		{CCE2BB2C-DF5D-4509-8327-3B81EDD4F259}.Release|Mixed Platforms.Build.0 = Debug|x86
		{CCE2BB2C-DF5D-4509-8327-3B81EDD4F259}.Release|x86.ActiveCfg = Debug|x86
		{CCE2BB2C-DF5D-4509-8327-3B81EDD4F259}.Release|x86.Build.0 = Debug|x86
		{0A44C587-989D-4785-9311-8BF8069BB775}.Debug|Any CPU.ActiveCfg = Debug|Any CPU
		{0A44C587-989D-4785-9311-8BF8069BB775}.Debug|Any CPU.Build.0 = Debug|Any CPU
		{0A44C587-989D-4785-9311-8BF8069BB775}.Debug|Mixed Platforms.ActiveCfg = Debug|Any CPU
		{0A44C587-989D-4785-9311-8BF8069BB775}.Debug|Mixed Platforms.Build.0 = Debug|Any CPU
		{0A44C587-989D-4785-9311-8BF8069BB775}.Debug|x86.ActiveCfg = Debug|Any CPU
		{0A44C587-989D-4785-9311-8BF8069BB775}.Release|Any CPU.ActiveCfg = Debug|Any CPU
		{0A44C587-989D-4785-9311-8BF8069BB775}.Release|Any CPU.Build.0 = Debug|Any CPU
		{0A44C587-989D-4785-9311-8BF8069BB775}.Release|Mixed Platforms.ActiveCfg = Debug|Any CPU
		{0A44C587-989D-4785-9311-8BF8069BB775}.Release|Mixed Platforms.Build.0 = Debug|Any CPU
		{0A44C587-989D-4785-9311-8BF8069BB775}.Release|x86.ActiveCfg = Debug|Any CPU
		{3D2774F9-84F4-4261-BFEB-14D1F94C6E56}.Debug|Any CPU.ActiveCfg = Debug|Any CPU
		{3D2774F9-84F4-4261-BFEB-14D1F94C6E56}.Debug|Any CPU.Build.0 = Debug|Any CPU
		{3D2774F9-84F4-4261-BFEB-14D1F94C6E56}.Debug|Mixed Platforms.ActiveCfg = Debug|Any CPU
		{3D2774F9-84F4-4261-BFEB-14D1F94C6E56}.Debug|Mixed Platforms.Build.0 = Debug|Any CPU
		{3D2774F9-84F4-4261-BFEB-14D1F94C6E56}.Debug|x86.ActiveCfg = Debug|Any CPU
		{3D2774F9-84F4-4261-BFEB-14D1F94C6E56}.Release|Any CPU.ActiveCfg = Debug|Any CPU
		{3D2774F9-84F4-4261-BFEB-14D1F94C6E56}.Release|Any CPU.Build.0 = Debug|Any CPU
		{3D2774F9-84F4-4261-BFEB-14D1F94C6E56}.Release|Mixed Platforms.ActiveCfg = Debug|Any CPU
		{3D2774F9-84F4-4261-BFEB-14D1F94C6E56}.Release|Mixed Platforms.Build.0 = Debug|Any CPU
		{3D2774F9-84F4-4261-BFEB-14D1F94C6E56}.Release|x86.ActiveCfg = Debug|Any CPU
		{51DD97E4-90F9-4A9F-8DB8-C8074CDCBBFF}.Debug|Any CPU.ActiveCfg = Debug|Any CPU
		{51DD97E4-90F9-4A9F-8DB8-C8074CDCBBFF}.Debug|Any CPU.Build.0 = Debug|Any CPU
		{51DD97E4-90F9-4A9F-8DB8-C8074CDCBBFF}.Debug|Mixed Platforms.ActiveCfg = Debug|Any CPU
		{51DD97E4-90F9-4A9F-8DB8-C8074CDCBBFF}.Debug|Mixed Platforms.Build.0 = Debug|Any CPU
		{51DD97E4-90F9-4A9F-8DB8-C8074CDCBBFF}.Debug|x86.ActiveCfg = Debug|Any CPU
		{51DD97E4-90F9-4A9F-8DB8-C8074CDCBBFF}.Release|Any CPU.ActiveCfg = Debug|Any CPU
		{51DD97E4-90F9-4A9F-8DB8-C8074CDCBBFF}.Release|Any CPU.Build.0 = Debug|Any CPU
		{51DD97E4-90F9-4A9F-8DB8-C8074CDCBBFF}.Release|Mixed Platforms.ActiveCfg = Debug|Any CPU
		{51DD97E4-90F9-4A9F-8DB8-C8074CDCBBFF}.Release|Mixed Platforms.Build.0 = Debug|Any CPU
		{51DD97E4-90F9-4A9F-8DB8-C8074CDCBBFF}.Release|x86.ActiveCfg = Debug|Any CPU
		{1C4DF849-8BC3-45E8-9032-949933D91DC4}.Debug|Any CPU.ActiveCfg = Debug|Any CPU
		{1C4DF849-8BC3-45E8-9032-949933D91DC4}.Debug|Any CPU.Build.0 = Debug|Any CPU
		{1C4DF849-8BC3-45E8-9032-949933D91DC4}.Debug|Mixed Platforms.ActiveCfg = Debug|Any CPU
		{1C4DF849-8BC3-45E8-9032-949933D91DC4}.Debug|Mixed Platforms.Build.0 = Debug|Any CPU
		{1C4DF849-8BC3-45E8-9032-949933D91DC4}.Debug|x86.ActiveCfg = Debug|Any CPU
		{1C4DF849-8BC3-45E8-9032-949933D91DC4}.Release|Any CPU.ActiveCfg = Debug|Any CPU
		{1C4DF849-8BC3-45E8-9032-949933D91DC4}.Release|Any CPU.Build.0 = Debug|Any CPU
		{1C4DF849-8BC3-45E8-9032-949933D91DC4}.Release|Mixed Platforms.ActiveCfg = Debug|Any CPU
		{1C4DF849-8BC3-45E8-9032-949933D91DC4}.Release|Mixed Platforms.Build.0 = Debug|Any CPU
		{1C4DF849-8BC3-45E8-9032-949933D91DC4}.Release|x86.ActiveCfg = Debug|Any CPU
		{850927D5-3249-49E5-98C7-281AFA288910}.Debug|Any CPU.ActiveCfg = Debug|Any CPU
		{850927D5-3249-49E5-98C7-281AFA288910}.Debug|Any CPU.Build.0 = Debug|Any CPU
		{850927D5-3249-49E5-98C7-281AFA288910}.Debug|Mixed Platforms.ActiveCfg = Debug|Any CPU
		{850927D5-3249-49E5-98C7-281AFA288910}.Debug|Mixed Platforms.Build.0 = Debug|Any CPU
		{850927D5-3249-49E5-98C7-281AFA288910}.Debug|x86.ActiveCfg = Debug|Any CPU
		{850927D5-3249-49E5-98C7-281AFA288910}.Release|Any CPU.ActiveCfg = Debug|Any CPU
		{850927D5-3249-49E5-98C7-281AFA288910}.Release|Any CPU.Build.0 = Debug|Any CPU
		{850927D5-3249-49E5-98C7-281AFA288910}.Release|Mixed Platforms.ActiveCfg = Debug|Any CPU
		{850927D5-3249-49E5-98C7-281AFA288910}.Release|Mixed Platforms.Build.0 = Debug|Any CPU
		{850927D5-3249-49E5-98C7-281AFA288910}.Release|x86.ActiveCfg = Debug|Any CPU
		{ECF69686-79D9-4324-801F-3FF109BDA3FF}.Debug|Any CPU.ActiveCfg = Debug|Any CPU
		{ECF69686-79D9-4324-801F-3FF109BDA3FF}.Debug|Any CPU.Build.0 = Debug|Any CPU
		{ECF69686-79D9-4324-801F-3FF109BDA3FF}.Debug|Mixed Platforms.ActiveCfg = Debug|Any CPU
		{ECF69686-79D9-4324-801F-3FF109BDA3FF}.Debug|Mixed Platforms.Build.0 = Debug|Any CPU
		{ECF69686-79D9-4324-801F-3FF109BDA3FF}.Debug|x86.ActiveCfg = Debug|Any CPU
		{ECF69686-79D9-4324-801F-3FF109BDA3FF}.Release|Any CPU.ActiveCfg = Debug|Any CPU
		{ECF69686-79D9-4324-801F-3FF109BDA3FF}.Release|Any CPU.Build.0 = Debug|Any CPU
		{ECF69686-79D9-4324-801F-3FF109BDA3FF}.Release|Mixed Platforms.ActiveCfg = Debug|Any CPU
		{ECF69686-79D9-4324-801F-3FF109BDA3FF}.Release|Mixed Platforms.Build.0 = Debug|Any CPU
		{ECF69686-79D9-4324-801F-3FF109BDA3FF}.Release|x86.ActiveCfg = Debug|Any CPU
		{3951FF95-830B-4846-8FD2-F164FA33693D}.Debug|Any CPU.ActiveCfg = Debug|x86
		{3951FF95-830B-4846-8FD2-F164FA33693D}.Debug|Mixed Platforms.ActiveCfg = Debug|x86
		{3951FF95-830B-4846-8FD2-F164FA33693D}.Debug|Mixed Platforms.Build.0 = Debug|x86
		{3951FF95-830B-4846-8FD2-F164FA33693D}.Debug|x86.ActiveCfg = Debug|x86
		{3951FF95-830B-4846-8FD2-F164FA33693D}.Debug|x86.Build.0 = Debug|x86
		{3951FF95-830B-4846-8FD2-F164FA33693D}.Release|Any CPU.ActiveCfg = Debug|x86
		{3951FF95-830B-4846-8FD2-F164FA33693D}.Release|Mixed Platforms.ActiveCfg = Debug|x86
		{3951FF95-830B-4846-8FD2-F164FA33693D}.Release|Mixed Platforms.Build.0 = Debug|x86
		{3951FF95-830B-4846-8FD2-F164FA33693D}.Release|x86.ActiveCfg = Debug|x86
		{3951FF95-830B-4846-8FD2-F164FA33693D}.Release|x86.Build.0 = Debug|x86
		{AB33C23B-3B11-4F63-9A4D-E6493FE591D9}.Debug|Any CPU.ActiveCfg = Debug|Any CPU
		{AB33C23B-3B11-4F63-9A4D-E6493FE591D9}.Debug|Any CPU.Build.0 = Debug|Any CPU
		{AB33C23B-3B11-4F63-9A4D-E6493FE591D9}.Debug|Mixed Platforms.ActiveCfg = Debug|Any CPU
		{AB33C23B-3B11-4F63-9A4D-E6493FE591D9}.Debug|Mixed Platforms.Build.0 = Debug|Any CPU
		{AB33C23B-3B11-4F63-9A4D-E6493FE591D9}.Debug|x86.ActiveCfg = Debug|Any CPU
		{AB33C23B-3B11-4F63-9A4D-E6493FE591D9}.Release|Any CPU.ActiveCfg = Debug|Any CPU
		{AB33C23B-3B11-4F63-9A4D-E6493FE591D9}.Release|Any CPU.Build.0 = Debug|Any CPU
		{AB33C23B-3B11-4F63-9A4D-E6493FE591D9}.Release|Mixed Platforms.ActiveCfg = Debug|Any CPU
		{AB33C23B-3B11-4F63-9A4D-E6493FE591D9}.Release|Mixed Platforms.Build.0 = Debug|Any CPU
		{AB33C23B-3B11-4F63-9A4D-E6493FE591D9}.Release|x86.ActiveCfg = Debug|Any CPU
		{60397628-D7F2-4E8F-B823-CA147238EFBD}.Debug|Any CPU.ActiveCfg = Debug|Any CPU
		{60397628-D7F2-4E8F-B823-CA147238EFBD}.Debug|Any CPU.Build.0 = Debug|Any CPU
		{60397628-D7F2-4E8F-B823-CA147238EFBD}.Debug|Mixed Platforms.ActiveCfg = Debug|Any CPU
		{60397628-D7F2-4E8F-B823-CA147238EFBD}.Debug|Mixed Platforms.Build.0 = Debug|Any CPU
		{60397628-D7F2-4E8F-B823-CA147238EFBD}.Debug|x86.ActiveCfg = Debug|Any CPU
		{60397628-D7F2-4E8F-B823-CA147238EFBD}.Release|Any CPU.ActiveCfg = Debug|Any CPU
		{60397628-D7F2-4E8F-B823-CA147238EFBD}.Release|Any CPU.Build.0 = Debug|Any CPU
		{60397628-D7F2-4E8F-B823-CA147238EFBD}.Release|Mixed Platforms.ActiveCfg = Debug|Any CPU
		{60397628-D7F2-4E8F-B823-CA147238EFBD}.Release|Mixed Platforms.Build.0 = Debug|Any CPU
		{60397628-D7F2-4E8F-B823-CA147238EFBD}.Release|x86.ActiveCfg = Debug|Any CPU
		{1BEE7343-5F8D-41B2-AC11-BD7DEBC4F73D}.Debug|Any CPU.ActiveCfg = Debug|Any CPU
		{1BEE7343-5F8D-41B2-AC11-BD7DEBC4F73D}.Debug|Any CPU.Build.0 = Debug|Any CPU
		{1BEE7343-5F8D-41B2-AC11-BD7DEBC4F73D}.Debug|Mixed Platforms.ActiveCfg = Debug|Any CPU
		{1BEE7343-5F8D-41B2-AC11-BD7DEBC4F73D}.Debug|Mixed Platforms.Build.0 = Debug|Any CPU
		{1BEE7343-5F8D-41B2-AC11-BD7DEBC4F73D}.Debug|x86.ActiveCfg = Debug|Any CPU
		{1BEE7343-5F8D-41B2-AC11-BD7DEBC4F73D}.Release|Any CPU.ActiveCfg = Debug|Any CPU
		{1BEE7343-5F8D-41B2-AC11-BD7DEBC4F73D}.Release|Any CPU.Build.0 = Debug|Any CPU
		{1BEE7343-5F8D-41B2-AC11-BD7DEBC4F73D}.Release|Mixed Platforms.ActiveCfg = Debug|Any CPU
		{1BEE7343-5F8D-41B2-AC11-BD7DEBC4F73D}.Release|Mixed Platforms.Build.0 = Debug|Any CPU
		{1BEE7343-5F8D-41B2-AC11-BD7DEBC4F73D}.Release|x86.ActiveCfg = Debug|Any CPU
		{D75F8CFC-3036-4F59-AD2C-6310D32C8B07}.Debug|Any CPU.ActiveCfg = Debug|Any CPU
		{D75F8CFC-3036-4F59-AD2C-6310D32C8B07}.Debug|Any CPU.Build.0 = Debug|Any CPU
		{D75F8CFC-3036-4F59-AD2C-6310D32C8B07}.Debug|Mixed Platforms.ActiveCfg = Debug|Any CPU
		{D75F8CFC-3036-4F59-AD2C-6310D32C8B07}.Debug|Mixed Platforms.Build.0 = Debug|Any CPU
		{D75F8CFC-3036-4F59-AD2C-6310D32C8B07}.Debug|x86.ActiveCfg = Debug|Any CPU
		{D75F8CFC-3036-4F59-AD2C-6310D32C8B07}.Release|Any CPU.ActiveCfg = Release|Any CPU
		{D75F8CFC-3036-4F59-AD2C-6310D32C8B07}.Release|Any CPU.Build.0 = Release|Any CPU
		{D75F8CFC-3036-4F59-AD2C-6310D32C8B07}.Release|Mixed Platforms.ActiveCfg = Release|Any CPU
		{D75F8CFC-3036-4F59-AD2C-6310D32C8B07}.Release|Mixed Platforms.Build.0 = Release|Any CPU
		{D75F8CFC-3036-4F59-AD2C-6310D32C8B07}.Release|x86.ActiveCfg = Release|Any CPU
		{AE2AD230-5E18-4D17-B073-C40F7976DDDB}.Debug|Any CPU.ActiveCfg = Debug|Any CPU
		{AE2AD230-5E18-4D17-B073-C40F7976DDDB}.Debug|Any CPU.Build.0 = Debug|Any CPU
		{AE2AD230-5E18-4D17-B073-C40F7976DDDB}.Debug|Mixed Platforms.ActiveCfg = Debug|Any CPU
		{AE2AD230-5E18-4D17-B073-C40F7976DDDB}.Debug|Mixed Platforms.Build.0 = Debug|Any CPU
		{AE2AD230-5E18-4D17-B073-C40F7976DDDB}.Debug|x86.ActiveCfg = Debug|Any CPU
		{AE2AD230-5E18-4D17-B073-C40F7976DDDB}.Release|Any CPU.ActiveCfg = Release|Any CPU
		{AE2AD230-5E18-4D17-B073-C40F7976DDDB}.Release|Any CPU.Build.0 = Release|Any CPU
		{AE2AD230-5E18-4D17-B073-C40F7976DDDB}.Release|Mixed Platforms.ActiveCfg = Release|Any CPU
		{AE2AD230-5E18-4D17-B073-C40F7976DDDB}.Release|Mixed Platforms.Build.0 = Release|Any CPU
		{AE2AD230-5E18-4D17-B073-C40F7976DDDB}.Release|x86.ActiveCfg = Release|Any CPU
		{6805E502-56BC-4915-9528-41D498A93DCC}.Debug|Any CPU.ActiveCfg = Debug|Any CPU
		{6805E502-56BC-4915-9528-41D498A93DCC}.Debug|Any CPU.Build.0 = Debug|Any CPU
		{6805E502-56BC-4915-9528-41D498A93DCC}.Debug|Mixed Platforms.ActiveCfg = Debug|Any CPU
		{6805E502-56BC-4915-9528-41D498A93DCC}.Debug|Mixed Platforms.Build.0 = Debug|Any CPU
		{6805E502-56BC-4915-9528-41D498A93DCC}.Debug|x86.ActiveCfg = Debug|Any CPU
		{6805E502-56BC-4915-9528-41D498A93DCC}.Release|Any CPU.ActiveCfg = Release|Any CPU
		{6805E502-56BC-4915-9528-41D498A93DCC}.Release|Any CPU.Build.0 = Release|Any CPU
		{6805E502-56BC-4915-9528-41D498A93DCC}.Release|Mixed Platforms.ActiveCfg = Release|Any CPU
		{6805E502-56BC-4915-9528-41D498A93DCC}.Release|Mixed Platforms.Build.0 = Release|Any CPU
		{6805E502-56BC-4915-9528-41D498A93DCC}.Release|x86.ActiveCfg = Release|Any CPU
		{91694D00-0FF1-4A04-AC3F-F734D13AE70D}.Debug|Any CPU.ActiveCfg = Debug|Any CPU
		{91694D00-0FF1-4A04-AC3F-F734D13AE70D}.Debug|Any CPU.Build.0 = Debug|Any CPU
		{91694D00-0FF1-4A04-AC3F-F734D13AE70D}.Debug|Mixed Platforms.ActiveCfg = Debug|Any CPU
		{91694D00-0FF1-4A04-AC3F-F734D13AE70D}.Debug|Mixed Platforms.Build.0 = Debug|Any CPU
		{91694D00-0FF1-4A04-AC3F-F734D13AE70D}.Debug|x86.ActiveCfg = Debug|Any CPU
		{91694D00-0FF1-4A04-AC3F-F734D13AE70D}.Release|Any CPU.ActiveCfg = Release|Any CPU
		{91694D00-0FF1-4A04-AC3F-F734D13AE70D}.Release|Any CPU.Build.0 = Release|Any CPU
		{91694D00-0FF1-4A04-AC3F-F734D13AE70D}.Release|Mixed Platforms.ActiveCfg = Release|Any CPU
		{91694D00-0FF1-4A04-AC3F-F734D13AE70D}.Release|Mixed Platforms.Build.0 = Release|Any CPU
		{91694D00-0FF1-4A04-AC3F-F734D13AE70D}.Release|x86.ActiveCfg = Release|Any CPU
		{E649F28C-ADC0-40F9-BF1F-F8A971B100A6}.Debug|Any CPU.ActiveCfg = Debug|Any CPU
		{E649F28C-ADC0-40F9-BF1F-F8A971B100A6}.Debug|Any CPU.Build.0 = Debug|Any CPU
		{E649F28C-ADC0-40F9-BF1F-F8A971B100A6}.Debug|Mixed Platforms.ActiveCfg = Debug|Any CPU
		{E649F28C-ADC0-40F9-BF1F-F8A971B100A6}.Debug|Mixed Platforms.Build.0 = Debug|Any CPU
		{E649F28C-ADC0-40F9-BF1F-F8A971B100A6}.Debug|x86.ActiveCfg = Debug|Any CPU
		{E649F28C-ADC0-40F9-BF1F-F8A971B100A6}.Release|Any CPU.ActiveCfg = Release|Any CPU
		{E649F28C-ADC0-40F9-BF1F-F8A971B100A6}.Release|Any CPU.Build.0 = Release|Any CPU
		{E649F28C-ADC0-40F9-BF1F-F8A971B100A6}.Release|Mixed Platforms.ActiveCfg = Release|Any CPU
		{E649F28C-ADC0-40F9-BF1F-F8A971B100A6}.Release|Mixed Platforms.Build.0 = Release|Any CPU
		{E649F28C-ADC0-40F9-BF1F-F8A971B100A6}.Release|x86.ActiveCfg = Release|Any CPU
		{527A1720-D9D4-469E-9277-3F47630D8356}.Debug|Any CPU.ActiveCfg = Debug|x86
		{527A1720-D9D4-469E-9277-3F47630D8356}.Debug|Mixed Platforms.ActiveCfg = Debug|x86
		{527A1720-D9D4-469E-9277-3F47630D8356}.Debug|Mixed Platforms.Build.0 = Debug|x86
		{527A1720-D9D4-469E-9277-3F47630D8356}.Debug|x86.ActiveCfg = Debug|x86
		{527A1720-D9D4-469E-9277-3F47630D8356}.Debug|x86.Build.0 = Debug|x86
		{527A1720-D9D4-469E-9277-3F47630D8356}.Release|Any CPU.ActiveCfg = Release|x86
		{527A1720-D9D4-469E-9277-3F47630D8356}.Release|Mixed Platforms.ActiveCfg = Release|x86
		{527A1720-D9D4-469E-9277-3F47630D8356}.Release|Mixed Platforms.Build.0 = Release|x86
		{527A1720-D9D4-469E-9277-3F47630D8356}.Release|x86.ActiveCfg = Release|x86
		{527A1720-D9D4-469E-9277-3F47630D8356}.Release|x86.Build.0 = Release|x86
		{A497DC28-0A3B-4BAD-B964-B8B436686D98}.Debug|Any CPU.ActiveCfg = Debug|Any CPU
		{A497DC28-0A3B-4BAD-B964-B8B436686D98}.Debug|Any CPU.Build.0 = Debug|Any CPU
		{A497DC28-0A3B-4BAD-B964-B8B436686D98}.Debug|Mixed Platforms.ActiveCfg = Debug|Any CPU
		{A497DC28-0A3B-4BAD-B964-B8B436686D98}.Debug|Mixed Platforms.Build.0 = Debug|Any CPU
		{A497DC28-0A3B-4BAD-B964-B8B436686D98}.Debug|x86.ActiveCfg = Debug|Any CPU
		{A497DC28-0A3B-4BAD-B964-B8B436686D98}.Release|Any CPU.ActiveCfg = Debug|Any CPU
		{A497DC28-0A3B-4BAD-B964-B8B436686D98}.Release|Any CPU.Build.0 = Debug|Any CPU
		{A497DC28-0A3B-4BAD-B964-B8B436686D98}.Release|Mixed Platforms.ActiveCfg = Debug|Any CPU
		{A497DC28-0A3B-4BAD-B964-B8B436686D98}.Release|Mixed Platforms.Build.0 = Debug|Any CPU
		{A497DC28-0A3B-4BAD-B964-B8B436686D98}.Release|x86.ActiveCfg = Debug|Any CPU
	EndGlobalSection
	GlobalSection(SolutionProperties) = preSolution
		HideSolutionNode = FALSE
	EndGlobalSection
	GlobalSection(NestedProjects) = preSolution
		{5CD8D010-B679-4C5C-9BD9-5EF4C728BB17} = {A859FE94-FCC9-46D8-B081-81C450B348A2}
		{6A0725D1-3C1F-4968-8A1E-9845B8C256F8} = {A859FE94-FCC9-46D8-B081-81C450B348A2}
		{7C4FFF34-3392-4A13-A6F7-7CD85C6C6D21} = {A859FE94-FCC9-46D8-B081-81C450B348A2}
		{F16DBC7D-0F89-486C-A1BC-373DEB940746} = {A859FE94-FCC9-46D8-B081-81C450B348A2}
		{AFE5A982-2D58-48E7-B117-39FB644E16FF} = {A859FE94-FCC9-46D8-B081-81C450B348A2}
		{A90B912C-2073-403B-AAD1-90DB8B7A4621} = {A859FE94-FCC9-46D8-B081-81C450B348A2}
		{911C1A62-755A-489D-B5CF-125418D69414} = {A859FE94-FCC9-46D8-B081-81C450B348A2}
		{FC556AFF-9BA6-4A1A-94C9-513F168622B8} = {5CD8D010-B679-4C5C-9BD9-5EF4C728BB17}
		{8DE4EE4D-2BF1-495B-AA35-8D393F87EBF8} = {5CD8D010-B679-4C5C-9BD9-5EF4C728BB17}
		{8A6BD641-A8E6-4958-A31C-8631EB208354} = {5CD8D010-B679-4C5C-9BD9-5EF4C728BB17}
		{773A33A1-5CDF-48E4-9D7F-0DB3DBF3DBC3} = {6A0725D1-3C1F-4968-8A1E-9845B8C256F8}
		{EB960ED5-8757-4968-A005-CE5555EB5C82} = {6A0725D1-3C1F-4968-8A1E-9845B8C256F8}
		{3E80684B-9F51-4C04-BBC1-1918EA811F2C} = {7C4FFF34-3392-4A13-A6F7-7CD85C6C6D21}
		{FAB56861-3662-4B4E-BC35-A3E96970CC24} = {7C4FFF34-3392-4A13-A6F7-7CD85C6C6D21}
		{216C45D5-DA63-41F2-BE12-26CBD90F5635} = {7C4FFF34-3392-4A13-A6F7-7CD85C6C6D21}
		{58EF052A-2A9B-4400-A55A-4C1576D53D17} = {F16DBC7D-0F89-486C-A1BC-373DEB940746}
		{CCE2BB2C-DF5D-4509-8327-3B81EDD4F259} = {F16DBC7D-0F89-486C-A1BC-373DEB940746}
		{0A44C587-989D-4785-9311-8BF8069BB775} = {F16DBC7D-0F89-486C-A1BC-373DEB940746}
		{3D2774F9-84F4-4261-BFEB-14D1F94C6E56} = {F16DBC7D-0F89-486C-A1BC-373DEB940746}
		{51DD97E4-90F9-4A9F-8DB8-C8074CDCBBFF} = {AFE5A982-2D58-48E7-B117-39FB644E16FF}
		{1C4DF849-8BC3-45E8-9032-949933D91DC4} = {AFE5A982-2D58-48E7-B117-39FB644E16FF}
		{850927D5-3249-49E5-98C7-281AFA288910} = {AFE5A982-2D58-48E7-B117-39FB644E16FF}
		{ECF69686-79D9-4324-801F-3FF109BDA3FF} = {AFE5A982-2D58-48E7-B117-39FB644E16FF}
		{3951FF95-830B-4846-8FD2-F164FA33693D} = {AFE5A982-2D58-48E7-B117-39FB644E16FF}
		{AB33C23B-3B11-4F63-9A4D-E6493FE591D9} = {AFE5A982-2D58-48E7-B117-39FB644E16FF}
		{60397628-D7F2-4E8F-B823-CA147238EFBD} = {AFE5A982-2D58-48E7-B117-39FB644E16FF}
		{1BEE7343-5F8D-41B2-AC11-BD7DEBC4F73D} = {AFE5A982-2D58-48E7-B117-39FB644E16FF}
		{D75F8CFC-3036-4F59-AD2C-6310D32C8B07} = {A90B912C-2073-403B-AAD1-90DB8B7A4621}
		{AE2AD230-5E18-4D17-B073-C40F7976DDDB} = {A90B912C-2073-403B-AAD1-90DB8B7A4621}
		{6805E502-56BC-4915-9528-41D498A93DCC} = {A90B912C-2073-403B-AAD1-90DB8B7A4621}
		{91694D00-0FF1-4A04-AC3F-F734D13AE70D} = {A90B912C-2073-403B-AAD1-90DB8B7A4621}
		{E649F28C-ADC0-40F9-BF1F-F8A971B100A6} = {911C1A62-755A-489D-B5CF-125418D69414}
		{527A1720-D9D4-469E-9277-3F47630D8356} = {911C1A62-755A-489D-B5CF-125418D69414}
	EndGlobalSection
EndGlobal
