
Microsoft Visual Studio Solution File, Format Version 10.00
# Visual Studio 2008
Project("{FAE04EC0-301F-11D3-BF4B-00C04F79EFBC}") = "ComponentModelSL", "src\ComponentModel\ComponentModelSL.csproj", "{1BBA5101-D4F0-48B8-A5D6-7B23A099DCE3}"
EndProject
Project("{2150E333-8FDC-42A3-9474-1A3956D46DE8}") = "Samples", "Samples", "{41B65034-542D-48A5-9B58-6DF45E5FEC00}"
EndProject
Project("{FAE04EC0-301F-11D3-BF4B-00C04F79EFBC}") = "Composition.InitializationSL", "src\Composition.Initialization\Composition.InitializationSL.csproj", "{A497DC28-0A3B-4BAD-B964-B8B436686D98}"
EndProject
Project("{FAE04EC0-301F-11D3-BF4B-00C04F79EFBC}") = "HelloMEF", "Samples\DeploymentCatalogSample\HelloMEF\HelloMEF.csproj", "{6D8DFFBA-A520-422B-9F56-34282E5273CC}"
EndProject
Project("{2150E333-8FDC-42A3-9474-1A3956D46DE8}") = "DeploymentCatalogSample", "DeploymentCatalogSample", "{7B91CC6B-CDE7-45B0-8656-9414CF447FFA}"
EndProject
Project("{FAE04EC0-301F-11D3-BF4B-00C04F79EFBC}") = "HelloMEF.Contracts", "Samples\DeploymentCatalogSample\HelloMEF.Contracts\HelloMEF.Contracts.csproj", "{24CD1FC5-1FB6-49B9-B9E2-10E4C46E819C}"
EndProject
Project("{FAE04EC0-301F-11D3-BF4B-00C04F79EFBC}") = "HelloMEF.Extensions", "Samples\DeploymentCatalogSample\HelloMEF.Extensions\HelloMEF.Extensions.csproj", "{7C2ABB64-5F49-4BC3-BB55-979C0254CFBA}"
EndProject
Project("{FAE04EC0-301F-11D3-BF4B-00C04F79EFBC}") = "HelloMEF.Web", "Samples\DeploymentCatalogSample\HelloMEF.Web\HelloMEF.Web.csproj", "{39A00303-5551-4F94-A56B-E7DA1CEF0B88}"
EndProject
Project("{2150E333-8FDC-42A3-9474-1A3956D46DE8}") = "HouseSpacePlanner", "HouseSpacePlanner", "{0632440A-8300-4D4C-8A16-31F688D88CB1}"
EndProject
Project("{FAE04EC0-301F-11D3-BF4B-00C04F79EFBC}") = "HouseSpacePlanner", "Samples\HouseSpacePlanner\HouseSpacePlanner\HouseSpacePlanner.csproj", "{AD6DFEC8-7E6F-4D1B-809D-A1E1A9740B0F}"
EndProject
Project("{FAE04EC0-301F-11D3-BF4B-00C04F79EFBC}") = "HouseSpacePlannerServices", "Samples\HouseSpacePlanner\HouseSpacePlannerServices\HouseSpacePlannerServices.csproj", "{79B65654-05B1-4C20-A3B6-35592886AD7A}"
EndProject
Project("{FAE04EC0-301F-11D3-BF4B-00C04F79EFBC}") = "HouseSpacePlannerComponents", "Samples\HouseSpacePlanner\HouseSpacePlannerComponents\HouseSpacePlannerComponents.csproj", "{242186A2-2376-4308-AC74-25CCB65DCC45}"
EndProject
Project("{FAE04EC0-301F-11D3-BF4B-00C04F79EFBC}") = "HouseSpacePlannerCommon", "Samples\HouseSpacePlanner\HouseSpacePlannerCommon\HouseSpacePlannerCommon.csproj", "{49F91AAB-396F-4AEE-A156-CECB22EB262F}"
EndProject
Project("{FAE04EC0-301F-11D3-BF4B-00C04F79EFBC}") = "HouseSpacePlanner.Web", "Samples\HouseSpacePlanner\HouseSpacePlanner.Web\HouseSpacePlanner.Web.csproj", "{8CCAD296-C2C8-4B99-B62F-CA31FE0357B7}"
EndProject
Project("{2150E333-8FDC-42A3-9474-1A3956D46DE8}") = "ExtensibleGrid", "ExtensibleGrid", "{CE668A64-C922-4B86-92AC-D4AEF53DA1DE}"
EndProject
Project("{FAE04EC0-301F-11D3-BF4B-00C04F79EFBC}") = "ExtensibleGrid", "Samples\ExtensibleGrid\ExtensibleGrid\ExtensibleGrid.csproj", "{A9ADD8DC-CF40-44B2-82C7-D50A4C785F42}"
EndProject
Project("{FAE04EC0-301F-11D3-BF4B-00C04F79EFBC}") = "ExtensibleGrid.Extensions", "Samples\ExtensibleGrid\ExtensibleGrid.Extensions\ExtensibleGrid.Extensions.csproj", "{284E3425-D75D-41E4-8A90-17A917913FDC}"
EndProject
Project("{FAE04EC0-301F-11D3-BF4B-00C04F79EFBC}") = "ExtensibleGrid.GridLibrary", "Samples\ExtensibleGrid\ExtensibleGrid.GridLibrary\ExtensibleGrid.GridLibrary.csproj", "{8D1F67D7-ED45-4BEA-94AB-2432373841C6}"
EndProject
Project("{FAE04EC0-301F-11D3-BF4B-00C04F79EFBC}") = "ExtensibleGrid.Shared", "Samples\ExtensibleGrid\ExtensibleGrid.Shared\ExtensibleGrid.Shared.csproj", "{EBC22028-D060-44A0-B5EA-DF28E7257EBE}"
EndProject
Project("{FAE04EC0-301F-11D3-BF4B-00C04F79EFBC}") = "ExtensibleGrid.Web", "Samples\ExtensibleGrid\ExtensibleGrid.Web\ExtensibleGrid.Web.csproj", "{7BB608A2-BE2A-478C-A4E3-1711A11F4E8F}"
EndProject
Global
	GlobalSection(SolutionConfigurationPlatforms) = preSolution
		Debug|Any CPU = Debug|Any CPU
		Release|Any CPU = Release|Any CPU
	EndGlobalSection
	GlobalSection(ProjectConfigurationPlatforms) = postSolution
		{1BBA5101-D4F0-48B8-A5D6-7B23A099DCE3}.Debug|Any CPU.ActiveCfg = Debug|Any CPU
		{1BBA5101-D4F0-48B8-A5D6-7B23A099DCE3}.Debug|Any CPU.Build.0 = Debug|Any CPU
		{1BBA5101-D4F0-48B8-A5D6-7B23A099DCE3}.Release|Any CPU.ActiveCfg = Debug|Any CPU
		{1BBA5101-D4F0-48B8-A5D6-7B23A099DCE3}.Release|Any CPU.Build.0 = Debug|Any CPU
		{A497DC28-0A3B-4BAD-B964-B8B436686D98}.Debug|Any CPU.ActiveCfg = Debug|Any CPU
		{A497DC28-0A3B-4BAD-B964-B8B436686D98}.Debug|Any CPU.Build.0 = Debug|Any CPU
		{A497DC28-0A3B-4BAD-B964-B8B436686D98}.Release|Any CPU.ActiveCfg = Debug|Any CPU
		{A497DC28-0A3B-4BAD-B964-B8B436686D98}.Release|Any CPU.Build.0 = Debug|Any CPU
		{6D8DFFBA-A520-422B-9F56-34282E5273CC}.Debug|Any CPU.ActiveCfg = Debug|Any CPU
		{6D8DFFBA-A520-422B-9F56-34282E5273CC}.Debug|Any CPU.Build.0 = Debug|Any CPU
		{6D8DFFBA-A520-422B-9F56-34282E5273CC}.Release|Any CPU.ActiveCfg = Release|Any CPU
		{6D8DFFBA-A520-422B-9F56-34282E5273CC}.Release|Any CPU.Build.0 = Release|Any CPU
		{24CD1FC5-1FB6-49B9-B9E2-10E4C46E819C}.Debug|Any CPU.ActiveCfg = Debug|Any CPU
		{24CD1FC5-1FB6-49B9-B9E2-10E4C46E819C}.Debug|Any CPU.Build.0 = Debug|Any CPU
		{24CD1FC5-1FB6-49B9-B9E2-10E4C46E819C}.Release|Any CPU.ActiveCfg = Release|Any CPU
		{24CD1FC5-1FB6-49B9-B9E2-10E4C46E819C}.Release|Any CPU.Build.0 = Release|Any CPU
		{7C2ABB64-5F49-4BC3-BB55-979C0254CFBA}.Debug|Any CPU.ActiveCfg = Debug|Any CPU
		{7C2ABB64-5F49-4BC3-BB55-979C0254CFBA}.Debug|Any CPU.Build.0 = Debug|Any CPU
		{7C2ABB64-5F49-4BC3-BB55-979C0254CFBA}.Release|Any CPU.ActiveCfg = Release|Any CPU
		{7C2ABB64-5F49-4BC3-BB55-979C0254CFBA}.Release|Any CPU.Build.0 = Release|Any CPU
		{39A00303-5551-4F94-A56B-E7DA1CEF0B88}.Debug|Any CPU.ActiveCfg = Debug|Any CPU
		{39A00303-5551-4F94-A56B-E7DA1CEF0B88}.Debug|Any CPU.Build.0 = Debug|Any CPU
		{39A00303-5551-4F94-A56B-E7DA1CEF0B88}.Release|Any CPU.ActiveCfg = Release|Any CPU
		{39A00303-5551-4F94-A56B-E7DA1CEF0B88}.Release|Any CPU.Build.0 = Release|Any CPU
		{AD6DFEC8-7E6F-4D1B-809D-A1E1A9740B0F}.Debug|Any CPU.ActiveCfg = Debug|Any CPU
		{AD6DFEC8-7E6F-4D1B-809D-A1E1A9740B0F}.Debug|Any CPU.Build.0 = Debug|Any CPU
		{AD6DFEC8-7E6F-4D1B-809D-A1E1A9740B0F}.Release|Any CPU.ActiveCfg = Release|Any CPU
		{AD6DFEC8-7E6F-4D1B-809D-A1E1A9740B0F}.Release|Any CPU.Build.0 = Release|Any CPU
		{79B65654-05B1-4C20-A3B6-35592886AD7A}.Debug|Any CPU.ActiveCfg = Debug|Any CPU
		{79B65654-05B1-4C20-A3B6-35592886AD7A}.Debug|Any CPU.Build.0 = Debug|Any CPU
		{79B65654-05B1-4C20-A3B6-35592886AD7A}.Release|Any CPU.ActiveCfg = Release|Any CPU
		{79B65654-05B1-4C20-A3B6-35592886AD7A}.Release|Any CPU.Build.0 = Release|Any CPU
		{242186A2-2376-4308-AC74-25CCB65DCC45}.Debug|Any CPU.ActiveCfg = Debug|Any CPU
		{242186A2-2376-4308-AC74-25CCB65DCC45}.Debug|Any CPU.Build.0 = Debug|Any CPU
		{242186A2-2376-4308-AC74-25CCB65DCC45}.Release|Any CPU.ActiveCfg = Release|Any CPU
		{242186A2-2376-4308-AC74-25CCB65DCC45}.Release|Any CPU.Build.0 = Release|Any CPU
		{49F91AAB-396F-4AEE-A156-CECB22EB262F}.Debug|Any CPU.ActiveCfg = Debug|Any CPU
		{49F91AAB-396F-4AEE-A156-CECB22EB262F}.Debug|Any CPU.Build.0 = Debug|Any CPU
		{49F91AAB-396F-4AEE-A156-CECB22EB262F}.Release|Any CPU.ActiveCfg = Release|Any CPU
		{49F91AAB-396F-4AEE-A156-CECB22EB262F}.Release|Any CPU.Build.0 = Release|Any CPU
		{8CCAD296-C2C8-4B99-B62F-CA31FE0357B7}.Debug|Any CPU.ActiveCfg = Debug|Any CPU
		{8CCAD296-C2C8-4B99-B62F-CA31FE0357B7}.Debug|Any CPU.Build.0 = Debug|Any CPU
		{8CCAD296-C2C8-4B99-B62F-CA31FE0357B7}.Release|Any CPU.ActiveCfg = Release|Any CPU
		{8CCAD296-C2C8-4B99-B62F-CA31FE0357B7}.Release|Any CPU.Build.0 = Release|Any CPU
		{A9ADD8DC-CF40-44B2-82C7-D50A4C785F42}.Debug|Any CPU.ActiveCfg = Debug|Any CPU
		{A9ADD8DC-CF40-44B2-82C7-D50A4C785F42}.Debug|Any CPU.Build.0 = Debug|Any CPU
		{A9ADD8DC-CF40-44B2-82C7-D50A4C785F42}.Release|Any CPU.ActiveCfg = Release|Any CPU
		{A9ADD8DC-CF40-44B2-82C7-D50A4C785F42}.Release|Any CPU.Build.0 = Release|Any CPU
		{284E3425-D75D-41E4-8A90-17A917913FDC}.Debug|Any CPU.ActiveCfg = Debug|Any CPU
		{284E3425-D75D-41E4-8A90-17A917913FDC}.Debug|Any CPU.Build.0 = Debug|Any CPU
		{284E3425-D75D-41E4-8A90-17A917913FDC}.Release|Any CPU.ActiveCfg = Release|Any CPU
		{284E3425-D75D-41E4-8A90-17A917913FDC}.Release|Any CPU.Build.0 = Release|Any CPU
		{8D1F67D7-ED45-4BEA-94AB-2432373841C6}.Debug|Any CPU.ActiveCfg = Debug|Any CPU
		{8D1F67D7-ED45-4BEA-94AB-2432373841C6}.Debug|Any CPU.Build.0 = Debug|Any CPU
		{8D1F67D7-ED45-4BEA-94AB-2432373841C6}.Release|Any CPU.ActiveCfg = Release|Any CPU
		{8D1F67D7-ED45-4BEA-94AB-2432373841C6}.Release|Any CPU.Build.0 = Release|Any CPU
		{EBC22028-D060-44A0-B5EA-DF28E7257EBE}.Debug|Any CPU.ActiveCfg = Debug|Any CPU
		{EBC22028-D060-44A0-B5EA-DF28E7257EBE}.Debug|Any CPU.Build.0 = Debug|Any CPU
		{EBC22028-D060-44A0-B5EA-DF28E7257EBE}.Release|Any CPU.ActiveCfg = Release|Any CPU
		{EBC22028-D060-44A0-B5EA-DF28E7257EBE}.Release|Any CPU.Build.0 = Release|Any CPU
		{7BB608A2-BE2A-478C-A4E3-1711A11F4E8F}.Debug|Any CPU.ActiveCfg = Debug|Any CPU
		{7BB608A2-BE2A-478C-A4E3-1711A11F4E8F}.Debug|Any CPU.Build.0 = Debug|Any CPU
		{7BB608A2-BE2A-478C-A4E3-1711A11F4E8F}.Release|Any CPU.ActiveCfg = Release|Any CPU
		{7BB608A2-BE2A-478C-A4E3-1711A11F4E8F}.Release|Any CPU.Build.0 = Release|Any CPU
	EndGlobalSection
	GlobalSection(SolutionProperties) = preSolution
		HideSolutionNode = FALSE
	EndGlobalSection
	GlobalSection(NestedProjects) = preSolution
		{7B91CC6B-CDE7-45B0-8656-9414CF447FFA} = {41B65034-542D-48A5-9B58-6DF45E5FEC00}
		{0632440A-8300-4D4C-8A16-31F688D88CB1} = {41B65034-542D-48A5-9B58-6DF45E5FEC00}
		{CE668A64-C922-4B86-92AC-D4AEF53DA1DE} = {41B65034-542D-48A5-9B58-6DF45E5FEC00}
		{6D8DFFBA-A520-422B-9F56-34282E5273CC} = {7B91CC6B-CDE7-45B0-8656-9414CF447FFA}
		{24CD1FC5-1FB6-49B9-B9E2-10E4C46E819C} = {7B91CC6B-CDE7-45B0-8656-9414CF447FFA}
		{7C2ABB64-5F49-4BC3-BB55-979C0254CFBA} = {7B91CC6B-CDE7-45B0-8656-9414CF447FFA}
		{39A00303-5551-4F94-A56B-E7DA1CEF0B88} = {7B91CC6B-CDE7-45B0-8656-9414CF447FFA}
		{AD6DFEC8-7E6F-4D1B-809D-A1E1A9740B0F} = {0632440A-8300-4D4C-8A16-31F688D88CB1}
		{79B65654-05B1-4C20-A3B6-35592886AD7A} = {0632440A-8300-4D4C-8A16-31F688D88CB1}
		{242186A2-2376-4308-AC74-25CCB65DCC45} = {0632440A-8300-4D4C-8A16-31F688D88CB1}
		{49F91AAB-396F-4AEE-A156-CECB22EB262F} = {0632440A-8300-4D4C-8A16-31F688D88CB1}
		{8CCAD296-C2C8-4B99-B62F-CA31FE0357B7} = {0632440A-8300-4D4C-8A16-31F688D88CB1}
		{A9ADD8DC-CF40-44B2-82C7-D50A4C785F42} = {CE668A64-C922-4B86-92AC-D4AEF53DA1DE}
		{284E3425-D75D-41E4-8A90-17A917913FDC} = {CE668A64-C922-4B86-92AC-D4AEF53DA1DE}
		{8D1F67D7-ED45-4BEA-94AB-2432373841C6} = {CE668A64-C922-4B86-92AC-D4AEF53DA1DE}
		{EBC22028-D060-44A0-B5EA-DF28E7257EBE} = {CE668A64-C922-4B86-92AC-D4AEF53DA1DE}
		{7BB608A2-BE2A-478C-A4E3-1711A11F4E8F} = {CE668A64-C922-4B86-92AC-D4AEF53DA1DE}
	EndGlobalSection
EndGlobal
